
Microsoft Visual Studio Solution File, Format Version 12.00
# Visual Studio Version 16
VisualStudioVersion = 16.0.31702.278
MinimumVisualStudioVersion = 10.0.40219.1
Project("{9A19103F-16F7-4668-BE54-9A1E7A4F7556}") = "Worker.Order.Read", "Worker.Order.Read.csproj", "{3747B011-DCFF-4006-AB7A-21474EE6F413}"
EndProject
Project("{9A19103F-16F7-4668-BE54-9A1E7A4F7556}") = "Worker.Order.Read.Service", "..\Worker.Order.Read.Service\Worker.Order.Read.Service.csproj", "{7F748ADB-0D86-4F5B-B49B-0C09D3F5732F}"
EndProject
Project("{9A19103F-16F7-4668-BE54-9A1E7A4F7556}") = "Worker.Order.Read.Repository", "..\Worker.Order.Read.Repository\Worker.Order.Read.Repository.csproj", "{859645F2-9139-42D8-908C-620AD8B6BA0A}"
EndProject
Project("{9A19103F-16F7-4668-BE54-9A1E7A4F7556}") = "Worker.Order.Read.Entity", "..\Worker.Order.Read.Entity\Worker.Order.Read.Entity.csproj", "{2F9FA3EB-AB56-4921-81D5-B3834949EFCE}"
EndProject
Project("{FAE04EC0-301F-11D3-BF4B-00C04F79EFBC}") = "Worker.Order.Read.SendToProduction", "..\Worker.Order.Read.SendToProduction\Worker.Order.Read.SendToProduction.csproj", "{4F6778D4-1B62-47C3-9A27-8BA3DACCE5EA}"
EndProject
Global
	GlobalSection(SolutionConfigurationPlatforms) = preSolution
		Debug|Any CPU = Debug|Any CPU
		Release|Any CPU = Release|Any CPU
	EndGlobalSection
	GlobalSection(ProjectConfigurationPlatforms) = postSolution
		{3747B011-DCFF-4006-AB7A-21474EE6F413}.Debug|Any CPU.ActiveCfg = Debug|Any CPU
		{3747B011-DCFF-4006-AB7A-21474EE6F413}.Debug|Any CPU.Build.0 = Debug|Any CPU
		{3747B011-DCFF-4006-AB7A-21474EE6F413}.Release|Any CPU.ActiveCfg = Release|Any CPU
		{3747B011-DCFF-4006-AB7A-21474EE6F413}.Release|Any CPU.Build.0 = Release|Any CPU
		{7F748ADB-0D86-4F5B-B49B-0C09D3F5732F}.Debug|Any CPU.ActiveCfg = Debug|Any CPU
		{7F748ADB-0D86-4F5B-B49B-0C09D3F5732F}.Debug|Any CPU.Build.0 = Debug|Any CPU
		{7F748ADB-0D86-4F5B-B49B-0C09D3F5732F}.Release|Any CPU.ActiveCfg = Release|Any CPU
		{7F748ADB-0D86-4F5B-B49B-0C09D3F5732F}.Release|Any CPU.Build.0 = Release|Any CPU
		{859645F2-9139-42D8-908C-620AD8B6BA0A}.Debug|Any CPU.ActiveCfg = Debug|Any CPU
		{859645F2-9139-42D8-908C-620AD8B6BA0A}.Debug|Any CPU.Build.0 = Debug|Any CPU
		{859645F2-9139-42D8-908C-620AD8B6BA0A}.Release|Any CPU.ActiveCfg = Release|Any CPU
		{859645F2-9139-42D8-908C-620AD8B6BA0A}.Release|Any CPU.Build.0 = Release|Any CPU
		{2F9FA3EB-AB56-4921-81D5-B3834949EFCE}.Debug|Any CPU.ActiveCfg = Debug|Any CPU
		{2F9FA3EB-AB56-4921-81D5-B3834949EFCE}.Debug|Any CPU.Build.0 = Debug|Any CPU
		{2F9FA3EB-AB56-4921-81D5-B3834949EFCE}.Release|Any CPU.ActiveCfg = Release|Any CPU
		{2F9FA3EB-AB56-4921-81D5-B3834949EFCE}.Release|Any CPU.Build.0 = Release|Any CPU
		{4F6778D4-1B62-47C3-9A27-8BA3DACCE5EA}.Debug|Any CPU.ActiveCfg = Debug|Any CPU
		{4F6778D4-1B62-47C3-9A27-8BA3DACCE5EA}.Debug|Any CPU.Build.0 = Debug|Any CPU
		{4F6778D4-1B62-47C3-9A27-8BA3DACCE5EA}.Release|Any CPU.ActiveCfg = Release|Any CPU
		{4F6778D4-1B62-47C3-9A27-8BA3DACCE5EA}.Release|Any CPU.Build.0 = Release|Any CPU
	EndGlobalSection
	GlobalSection(SolutionProperties) = preSolution
		HideSolutionNode = FALSE
	EndGlobalSection
	GlobalSection(ExtensibilityGlobals) = postSolution
		SolutionGuid = {84952CDB-0AF7-494F-A8CA-64978FC129C2}
	EndGlobalSection
EndGlobal
